<Solution>
  <Project Path="Assembly-CSharp.csproj" />
  <Project Path="Antlr4.csproj" />
  <Project Path="KCoreKit.csproj" />
  <Project Path="BroAudio.csproj" />
  <Project Path="com.anu.debugconsole.csproj" />
  <Project Path="BroAudioEditor.csproj" />
  <Project Path="NCalc.csproj" />
  <Project Path="Assembly-CSharp-Editor.csproj" />
  <Project Path="DOTween.Modules.csproj" />
  <Project Path="NDesk.Options.Tests.csproj" />
  <Project Path="com.anu.debugconsole.expressions.editor.tests.csproj" />
  <Project Path="DOTweenPro.EditorScripts.csproj" />
  <Project Path="DOTweenPro.Scripts.csproj" />
  <Project Path="NDesk.Options.csproj" />
  <Project Path="com.anu.debugconsole.editor.tests.csproj" />
  <Project Path="com.anu.debugconsole.scom.anu.debugconsole.samples.commandsmples.csproj" />
  <Project Path="com.anu.debugconsole.expressions.csproj" />
  <Project Path="NCalc.Editor.Tests.csproj" />
  <Project Path="com.anu.debugconsole.samples.csproj" />
  <Project Path="com.anu.debugconsole.editor.csproj" />
</Solution>
